
Microsoft Visual Studio Solution File, Format Version 12.00
# Visual Studio Version 16
VisualStudioVersion = 16.0.30128.74
MinimumVisualStudioVersion = 10.0.40219.1
Project("{FAE04EC0-301F-11D3-BF4B-00C04F79EFBC}") = "Predicate", "Predicate\Predicate.csproj", "{CA89F530-474F-4A97-9AF4-B3ADD547C6C0}"
EndProject
Global
	GlobalSection(SolutionConfigurationPlatforms) = preSolution
		Debug|Any CPU = Debug|Any CPU
		Release|Any CPU = Release|Any CPU
	EndGlobalSection
	GlobalSection(ProjectConfigurationPlatforms) = postSolution
		{CA89F530-474F-4A97-9AF4-B3ADD547C6C0}.Debug|Any CPU.ActiveCfg = Debug|Any CPU
		{CA89F530-474F-4A97-9AF4-B3ADD547C6C0}.Debug|Any CPU.Build.0 = Debug|Any CPU
		{CA89F530-474F-4A97-9AF4-B3ADD547C6C0}.Release|Any CPU.ActiveCfg = Release|Any CPU
		{CA89F530-474F-4A97-9AF4-B3ADD547C6C0}.Release|Any CPU.Build.0 = Release|Any CPU
	EndGlobalSection
	GlobalSection(SolutionProperties) = preSolution
		HideSolutionNode = FALSE
	EndGlobalSection
	GlobalSection(ExtensibilityGlobals) = postSolution
		SolutionGuid = {8CF8FC2B-07D1-4CA4-915D-93AFDF3135CF}
	EndGlobalSection
EndGlobal
