
Microsoft Visual Studio Solution File, Format Version 12.00
# Visual Studio Version 16
VisualStudioVersion = 16.0.29709.97
MinimumVisualStudioVersion = 10.0.40219.1
Project("{FAE04EC0-301F-11D3-BF4B-00C04F79EFBC}") = "Exercicio1", "Exercicio1\Exercicio1.csproj", "{D6A1D3BF-22A3-4A59-8B63-71C7A20853DB}"
EndProject
Global
	GlobalSection(SolutionConfigurationPlatforms) = preSolution
		Debug|Any CPU = Debug|Any CPU
		Release|Any CPU = Release|Any CPU
	EndGlobalSection
	GlobalSection(ProjectConfigurationPlatforms) = postSolution
		{D6A1D3BF-22A3-4A59-8B63-71C7A20853DB}.Debug|Any CPU.ActiveCfg = Debug|Any CPU
		{D6A1D3BF-22A3-4A59-8B63-71C7A20853DB}.Debug|Any CPU.Build.0 = Debug|Any CPU
		{D6A1D3BF-22A3-4A59-8B63-71C7A20853DB}.Release|Any CPU.ActiveCfg = Release|Any CPU
		{D6A1D3BF-22A3-4A59-8B63-71C7A20853DB}.Release|Any CPU.Build.0 = Release|Any CPU
	EndGlobalSection
	GlobalSection(SolutionProperties) = preSolution
		HideSolutionNode = FALSE
	EndGlobalSection
	GlobalSection(ExtensibilityGlobals) = postSolution
		SolutionGuid = {CE1AB549-F7A5-4D41-B615-B25131940C7B}
	EndGlobalSection
EndGlobal
